
Microsoft Visual Studio Solution File, Format Version 12.00
# Visual Studio Version 16
VisualStudioVersion = 16.0.31112.23
MinimumVisualStudioVersion = 10.0.40219.1
Project("{FAE04EC0-301F-11D3-BF4B-00C04F79EFBC}") = "WaterSortSolverCore", "WaterSortSolverCore\WaterSortSolverCore.csproj", "{FFE8B9EE-8178-416E-9C4E-6CA38F8E3215}"
EndProject
Project("{FAE04EC0-301F-11D3-BF4B-00C04F79EFBC}") = "WaterSortSolver Console", "WaterSortSolver Console\WaterSortSolver Console.csproj", "{4FA6C573-EF21-4902-85BE-A77DBB3C108E}"
EndProject
Global
	GlobalSection(SolutionConfigurationPlatforms) = preSolution
		Debug|Any CPU = Debug|Any CPU
		Release|Any CPU = Release|Any CPU
	EndGlobalSection
	GlobalSection(ProjectConfigurationPlatforms) = postSolution
		{FFE8B9EE-8178-416E-9C4E-6CA38F8E3215}.Debug|Any CPU.ActiveCfg = Debug|Any CPU
		{FFE8B9EE-8178-416E-9C4E-6CA38F8E3215}.Debug|Any CPU.Build.0 = Debug|Any CPU
		{FFE8B9EE-8178-416E-9C4E-6CA38F8E3215}.Release|Any CPU.ActiveCfg = Release|Any CPU
		{FFE8B9EE-8178-416E-9C4E-6CA38F8E3215}.Release|Any CPU.Build.0 = Release|Any CPU
		{4FA6C573-EF21-4902-85BE-A77DBB3C108E}.Debug|Any CPU.ActiveCfg = Debug|Any CPU
		{4FA6C573-EF21-4902-85BE-A77DBB3C108E}.Debug|Any CPU.Build.0 = Debug|Any CPU
		{4FA6C573-EF21-4902-85BE-A77DBB3C108E}.Release|Any CPU.ActiveCfg = Release|Any CPU
		{4FA6C573-EF21-4902-85BE-A77DBB3C108E}.Release|Any CPU.Build.0 = Release|Any CPU
	EndGlobalSection
	GlobalSection(SolutionProperties) = preSolution
		HideSolutionNode = FALSE
	EndGlobalSection
	GlobalSection(ExtensibilityGlobals) = postSolution
		SolutionGuid = {495BBC7C-7511-42AC-ADB4-86E21341E202}
	EndGlobalSection
EndGlobal
